
Microsoft Visual Studio Solution File, Format Version 12.00
# Visual Studio Version 17
VisualStudioVersion = 17.14.36414.22 d17.14
MinimumVisualStudioVersion = 10.0.40219.1
Project("{FAE04EC0-301F-11D3-BF4B-00C04F79EFBC}") = "MorfoStudio.WebUI", "MorfoStudio.WebUI\MorfoStudio.WebUI.csproj", "{DA35C2DC-B440-4516-B83E-235570F76425}"
EndProject
Global
	GlobalSection(SolutionConfigurationPlatforms) = preSolution
		Debug|Any CPU = Debug|Any CPU
		Release|Any CPU = Release|Any CPU
	EndGlobalSection
	GlobalSection(ProjectConfigurationPlatforms) = postSolution
		{DA35C2DC-B440-4516-B83E-235570F76425}.Debug|Any CPU.ActiveCfg = Debug|Any CPU
		{DA35C2DC-B440-4516-B83E-235570F76425}.Debug|Any CPU.Build.0 = Debug|Any CPU
		{DA35C2DC-B440-4516-B83E-235570F76425}.Release|Any CPU.ActiveCfg = Release|Any CPU
		{DA35C2DC-B440-4516-B83E-235570F76425}.Release|Any CPU.Build.0 = Release|Any CPU
	EndGlobalSection
	GlobalSection(SolutionProperties) = preSolution
		HideSolutionNode = FALSE
	EndGlobalSection
	GlobalSection(ExtensibilityGlobals) = postSolution
		SolutionGuid = {E35B20B2-99DD-49F9-8B20-78B7856D95E5}
	EndGlobalSection
EndGlobal
